
Microsoft Visual Studio Solution File, Format Version 12.00
# Visual Studio Version 17
VisualStudioVersion = 17.0.31903.59
MinimumVisualStudioVersion = 10.0.40219.1
Project("{FAE04EC0-301F-11D3-BF4B-00C04F79EFBC}") = "CustomerManagement", "CustomerManagement\CustomerManagement.csproj", "{F448ADE6-131A-4404-8BA9-8DE9BA002BDD}"
EndProject
Global
	GlobalSection(SolutionConfigurationPlatforms) = preSolution
		Debug|Any CPU = Debug|Any CPU
		Release|Any CPU = Release|Any CPU
	EndGlobalSection
	GlobalSection(ProjectConfigurationPlatforms) = postSolution
		{F448ADE6-131A-4404-8BA9-8DE9BA002BDD}.Debug|Any CPU.ActiveCfg = Debug|Any CPU
		{F448ADE6-131A-4404-8BA9-8DE9BA002BDD}.Debug|Any CPU.Build.0 = Debug|Any CPU
		{F448ADE6-131A-4404-8BA9-8DE9BA002BDD}.Release|Any CPU.ActiveCfg = Release|Any CPU
		{F448ADE6-131A-4404-8BA9-8DE9BA002BDD}.Release|Any CPU.Build.0 = Release|Any CPU
	EndGlobalSection
	GlobalSection(SolutionProperties) = preSolution
		HideSolutionNode = FALSE
	EndGlobalSection
	GlobalSection(ExtensibilityGlobals) = postSolution
		SolutionGuid = {4A79BA2B-2C5B-45D5-B380-4BC964C38DEF}
	EndGlobalSection
EndGlobal
